# THIS IS AN AUTOGENERATED FILE. DO NOT EDIT THIS FILE DIRECTLY.
# yarn lockfile v1


highcharts-react-official@^3.2.1:
  version "3.2.1"
  resolved "https://registry.yarnpkg.com/highcharts-react-official/-/highcharts-react-official-3.2.1.tgz#4b62a7af2969bdebde6b338d36f6b9bf1f1029bc"
  integrity sha512-hyQTX7ezCxl7JqumaWiGsroGWalzh24GedQIgO3vJbkGOZ6ySRAltIYjfxhrq4HszJOySZegotEF7v+haQ75UA==

highcharts@^11.2.0:
  version "11.2.0"
  resolved "https://registry.yarnpkg.com/highcharts/-/highcharts-11.2.0.tgz#32ddc885b1c7a7d438df30c6d751c28991b16616"
  integrity sha512-9i650YK7ZBA1Mgtr3avMkLVCAI45RQvYnwi+eHsdFSaBGuQN6BHoa4j4lMkSJLv0V4LISTK1z7J7G82Lzd7zwg==
